{
  "lockfile_version": "1",
  "packages": {
    "asdf-vm@latest": {
      "last_modified": "2024-02-10T18:15:24Z",
      "resolved": "github:NixOS/nixpkgs/10b813040df67c4039086db0f6eaf65c536886c6#asdf-vm",
      "source": "devbox-search",
      "version": "0.14.0",
      "systems": {
        "aarch64-darwin": {
          "store_path": "/nix/store/mara9fb0rgzk790q16hm3mwzpxwcmzz8-asdf-vm-0.14.0"
        },
        "aarch64-linux": {
          "store_path": "/nix/store/h5ibj29ng73xlb77firx7sajdajl1lcf-asdf-vm-0.14.0"
        },
        "x86_64-darwin": {
          "store_path": "/nix/store/y4l8am760v9r19xr1scyqf2rxxfmkwy9-asdf-vm-0.14.0"
        },
        "x86_64-linux": {
          "store_path": "/nix/store/h35fi5106nzvhd87kzrz1sg7whajzswz-asdf-vm-0.14.0"
        }
      }
    },
    "git@latest": {
      "last_modified": "2024-01-27T14:55:31Z",
      "resolved": "github:NixOS/nixpkgs/160b762eda6d139ac10ae081f8f78d640dd523eb#git",
      "source": "devbox-search",
      "version": "2.43.0",
      "systems": {
        "aarch64-darwin": {
          "store_path": "/nix/store/ylm8lw53fkk4hmxaccirg67fcrwp4q6w-git-2.43.0"
        },
        "aarch64-linux": {
          "store_path": "/nix/store/ylpc6py8hgvmq98z94jwswilmj2gb8hj-git-2.43.0"
        },
        "x86_64-darwin": {
          "store_path": "/nix/store/h8ch2sy5gv6ry9hwmmsxsn6hbm6pdc9r-git-2.43.0"
        },
        "x86_64-linux": {
          "store_path": "/nix/store/za04kin80ybavb7qp577dghpax4mf82z-git-2.43.0"
        }
      }
    },
    "go-task@latest": {
      "last_modified": "2024-02-05T02:15:44Z",
      "resolved": "github:NixOS/nixpkgs/0a254180b4cad6be45aa46dce896bdb8db5d2930#go-task",
      "source": "devbox-search",
      "version": "3.34.1",
      "systems": {
        "aarch64-darwin": {
          "store_path": "/nix/store/k35awknqd915j60i0v3wcp9khyncxgxz-go-task-3.34.1"
        },
        "aarch64-linux": {
          "store_path": "/nix/store/vkd3mhal3r7ky7bx9jbc0vrb2ydq3806-go-task-3.34.1"
        },
        "x86_64-darwin": {
          "store_path": "/nix/store/lxpg9965xy7bzf5n1p2k68hlc4in1pbl-go-task-3.34.1"
        },
        "x86_64-linux": {
          "store_path": "/nix/store/wngsqjqxwd8xz6sk9bpah8fz92yaqila-go-task-3.34.1"
        }
      }
    },
    "openssl@latest": {
      "last_modified": "2024-02-07T01:22:34Z",
      "resolved": "github:NixOS/nixpkgs/f8e2ebd66d097614d51a56a755450d4ae1632df1#openssl",
      "source": "devbox-search",
      "version": "3.0.12",
      "systems": {
        "aarch64-darwin": {
          "store_path": "/nix/store/pgncfbwpsfby9iflm5mv1j3rmygk8yvr-openssl-3.0.12-bin"
        },
        "aarch64-linux": {
          "store_path": "/nix/store/kzncszhgrlj4lks9p61h6jkx7jqv1bay-openssl-3.0.12-bin"
        },
        "x86_64-darwin": {
          "store_path": "/nix/store/99vprqm44g7zq9mz823a19r56hi5ywf7-openssl-3.0.12-bin"
        },
        "x86_64-linux": {
          "store_path": "/nix/store/59z0rpla6hj12f4f4w3d9wnw67p5nk9p-openssl-3.0.12-bin"
        }
      }
    },
    "poetry@latest": {
      "last_modified": "2024-01-30T04:45:19Z",
      "plugin_version": "0.0.4",
      "resolved": "github:NixOS/nixpkgs/222c1940fafeda4dea161858ffe6ebfc853d3db5#poetry",
      "source": "devbox-search",
      "version": "1.7.1",
      "systems": {
        "aarch64-darwin": {
          "store_path": "/nix/store/j6b74g49f64qngvvs8ds32imad5yd44b-python3.11-poetry-1.7.1"
        },
        "aarch64-linux": {
          "store_path": "/nix/store/fx71cnj77cqc62ws1b2h4jcvkbqfdh4y-python3.11-poetry-1.7.1"
        },
        "x86_64-darwin": {
          "store_path": "/nix/store/05yzp68x4ynli7v4k1n3d4ch1rsf9lmd-python3.11-poetry-1.7.1"
        },
        "x86_64-linux": {
          "store_path": "/nix/store/mlx3qmf9qs7a11gnvikbrqx8rlyqnnqc-python3.11-poetry-1.7.1"
        }
      }
    },
    "uv@latest": {
      "last_modified": "2024-07-21T11:05:48Z",
      "resolved": "github:NixOS/nixpkgs/c19d62ad2265b16e2199c5feb4650fe459ca1c46#uv",
      "source": "devbox-search",
      "version": "0.2.27",
      "systems": {
        "aarch64-darwin": {
          "outputs": [
            {
              "name": "out",
              "path": "/nix/store/sha362kr7k37lfwwli1yyi7y9qzi92wm-uv-0.2.27",
              "default": true
            },
            {
              "name": "dist",
              "path": "/nix/store/fnsshmcq6k6amxrhryn1zhxgvpxdm2wh-uv-0.2.27-dist"
            }
          ],
          "store_path": "/nix/store/sha362kr7k37lfwwli1yyi7y9qzi92wm-uv-0.2.27"
        },
        "aarch64-linux": {
          "outputs": [
            {
              "name": "out",
              "path": "/nix/store/nhhj09m43b70f10ihl24w1q10iysnpyk-uv-0.2.27",
              "default": true
            },
            {
              "name": "dist",
              "path": "/nix/store/pzivg131i8m0g8lhaq08i4q6ppdz4dwl-uv-0.2.27-dist"
            }
          ],
          "store_path": "/nix/store/nhhj09m43b70f10ihl24w1q10iysnpyk-uv-0.2.27"
        },
        "x86_64-darwin": {
          "outputs": [
            {
              "name": "out",
              "path": "/nix/store/qy1wprwa6a0rinbrj3f7zvfyb7w33avg-uv-0.2.27",
              "default": true
            },
            {
              "name": "dist",
              "path": "/nix/store/042izhgs7jwlkv3npg9kljz0wir6lka5-uv-0.2.27-dist"
            }
          ],
          "store_path": "/nix/store/qy1wprwa6a0rinbrj3f7zvfyb7w33avg-uv-0.2.27"
        },
        "x86_64-linux": {
          "outputs": [
            {
              "name": "out",
              "path": "/nix/store/cpp5a9p06n83ix8wsis1dbr0zw1hww41-uv-0.2.27",
              "default": true
            },
            {
              "name": "dist",
              "path": "/nix/store/hhfhnqw030azpv78dmz8dykhsrm4lc3b-uv-0.2.27-dist"
            }
          ],
          "store_path": "/nix/store/cpp5a9p06n83ix8wsis1dbr0zw1hww41-uv-0.2.27"
        }
      }
    }
  }
}
